
Microsoft Visual Studio Solution File, Format Version 12.00
# Visual Studio Version 16
VisualStudioVersion = 16.0.29209.62
MinimumVisualStudioVersion = 10.0.40219.1
Project("{FAE04EC0-301F-11D3-BF4B-00C04F79EFBC}") = "CalculatorClass", "CalculatorClass\CalculatorClass.csproj", "{3DC5F016-B7AE-466F-84D2-B4875A816ADA}"
EndProject
Project("{FAE04EC0-301F-11D3-BF4B-00C04F79EFBC}") = "CalculatorWpf", "CalculatorWpf\CalculatorWpf.csproj", "{BA101FC7-3630-4A45-A88C-66A880032551}"
EndProject
Global
	GlobalSection(SolutionConfigurationPlatforms) = preSolution
		Debug|Any CPU = Debug|Any CPU
		Release|Any CPU = Release|Any CPU
	EndGlobalSection
	GlobalSection(ProjectConfigurationPlatforms) = postSolution
		{3DC5F016-B7AE-466F-84D2-B4875A816ADA}.Debug|Any CPU.ActiveCfg = Debug|Any CPU
		{3DC5F016-B7AE-466F-84D2-B4875A816ADA}.Debug|Any CPU.Build.0 = Debug|Any CPU
		{3DC5F016-B7AE-466F-84D2-B4875A816ADA}.Release|Any CPU.ActiveCfg = Release|Any CPU
		{3DC5F016-B7AE-466F-84D2-B4875A816ADA}.Release|Any CPU.Build.0 = Release|Any CPU
		{BA101FC7-3630-4A45-A88C-66A880032551}.Debug|Any CPU.ActiveCfg = Debug|Any CPU
		{BA101FC7-3630-4A45-A88C-66A880032551}.Debug|Any CPU.Build.0 = Debug|Any CPU
		{BA101FC7-3630-4A45-A88C-66A880032551}.Release|Any CPU.ActiveCfg = Release|Any CPU
		{BA101FC7-3630-4A45-A88C-66A880032551}.Release|Any CPU.Build.0 = Release|Any CPU
	EndGlobalSection
	GlobalSection(SolutionProperties) = preSolution
		HideSolutionNode = FALSE
	EndGlobalSection
	GlobalSection(ExtensibilityGlobals) = postSolution
		SolutionGuid = {30B0F835-4D27-4781-BE80-C5578CB58A36}
	EndGlobalSection
EndGlobal
